
Microsoft Visual Studio Solution File, Format Version 12.00
# Visual Studio 15
VisualStudioVersion = 15.0.26212.0
MinimumVisualStudioVersion = 10.0.40219.1
Project("{FAE04EC0-301F-11D3-BF4B-00C04F79EFBC}") = "UnitTestProject1", "UnitTestProject1\UnitTestProject1.csproj", "{01F29ECA-F2CD-473A-9F4B-1C65C6A0DB1D}"
EndProject
Global
	GlobalSection(SolutionConfigurationPlatforms) = preSolution
		Debug|Any CPU = Debug|Any CPU
		Release|Any CPU = Release|Any CPU
	EndGlobalSection
	GlobalSection(ProjectConfigurationPlatforms) = postSolution
		{01F29ECA-F2CD-473A-9F4B-1C65C6A0DB1D}.Debug|Any CPU.ActiveCfg = Debug|Any CPU
		{01F29ECA-F2CD-473A-9F4B-1C65C6A0DB1D}.Debug|Any CPU.Build.0 = Debug|Any CPU
		{01F29ECA-F2CD-473A-9F4B-1C65C6A0DB1D}.Release|Any CPU.ActiveCfg = Release|Any CPU
		{01F29ECA-F2CD-473A-9F4B-1C65C6A0DB1D}.Release|Any CPU.Build.0 = Release|Any CPU
	EndGlobalSection
	GlobalSection(SolutionProperties) = preSolution
		HideSolutionNode = FALSE
	EndGlobalSection
EndGlobal
